
Microsoft Visual Studio Solution File, Format Version 12.00
# Visual Studio Version 17
VisualStudioVersion = 17.0.31903.59
MinimumVisualStudioVersion = 10.0.40219.1
Project("{FAE04EC0-301F-11D3-BF4B-00C04F79EFBC}") = "SkillBank", "SkillBank\SkillBank.csproj", "{990B1537-8403-4C0E-8555-3D65873A184E}"
EndProject
Project("{FAE04EC0-301F-11D3-BF4B-00C04F79EFBC}") = "SkillBank.Tests", "SkillBank.Tests\SkillBank.Tests.csproj", "{F64BBBED-C556-429A-A20A-1DB5E3334249}"
EndProject
Project("{FAE04EC0-301F-11D3-BF4B-00C04F79EFBC}") = "SkillBank.IntegrationTests", "SkillBank.IntegrationTests\SkillBank.IntegrationTests.csproj", "{E2AE21F1-2A39-48E5-85FC-FC18CBF93B04}"
EndProject
Global
	GlobalSection(SolutionConfigurationPlatforms) = preSolution
		Debug|Any CPU = Debug|Any CPU
		Debug|x64 = Debug|x64
		Debug|x86 = Debug|x86
		Release|Any CPU = Release|Any CPU
		Release|x64 = Release|x64
		Release|x86 = Release|x86
	EndGlobalSection
	GlobalSection(ProjectConfigurationPlatforms) = postSolution
		{990B1537-8403-4C0E-8555-3D65873A184E}.Debug|Any CPU.ActiveCfg = Debug|Any CPU
		{990B1537-8403-4C0E-8555-3D65873A184E}.Debug|Any CPU.Build.0 = Debug|Any CPU
		{990B1537-8403-4C0E-8555-3D65873A184E}.Debug|x64.ActiveCfg = Debug|Any CPU
		{990B1537-8403-4C0E-8555-3D65873A184E}.Debug|x64.Build.0 = Debug|Any CPU
		{990B1537-8403-4C0E-8555-3D65873A184E}.Debug|x86.ActiveCfg = Debug|Any CPU
		{990B1537-8403-4C0E-8555-3D65873A184E}.Debug|x86.Build.0 = Debug|Any CPU
		{990B1537-8403-4C0E-8555-3D65873A184E}.Release|Any CPU.ActiveCfg = Release|Any CPU
		{990B1537-8403-4C0E-8555-3D65873A184E}.Release|Any CPU.Build.0 = Release|Any CPU
		{990B1537-8403-4C0E-8555-3D65873A184E}.Release|x64.ActiveCfg = Release|Any CPU
		{990B1537-8403-4C0E-8555-3D65873A184E}.Release|x64.Build.0 = Release|Any CPU
		{990B1537-8403-4C0E-8555-3D65873A184E}.Release|x86.ActiveCfg = Release|Any CPU
		{990B1537-8403-4C0E-8555-3D65873A184E}.Release|x86.Build.0 = Release|Any CPU
		{F64BBBED-C556-429A-A20A-1DB5E3334249}.Debug|Any CPU.ActiveCfg = Debug|Any CPU
		{F64BBBED-C556-429A-A20A-1DB5E3334249}.Debug|Any CPU.Build.0 = Debug|Any CPU
		{F64BBBED-C556-429A-A20A-1DB5E3334249}.Debug|x64.ActiveCfg = Debug|Any CPU
		{F64BBBED-C556-429A-A20A-1DB5E3334249}.Debug|x64.Build.0 = Debug|Any CPU
		{F64BBBED-C556-429A-A20A-1DB5E3334249}.Debug|x86.ActiveCfg = Debug|Any CPU
		{F64BBBED-C556-429A-A20A-1DB5E3334249}.Debug|x86.Build.0 = Debug|Any CPU
		{F64BBBED-C556-429A-A20A-1DB5E3334249}.Release|Any CPU.ActiveCfg = Release|Any CPU
		{F64BBBED-C556-429A-A20A-1DB5E3334249}.Release|Any CPU.Build.0 = Release|Any CPU
		{F64BBBED-C556-429A-A20A-1DB5E3334249}.Release|x64.ActiveCfg = Release|Any CPU
		{F64BBBED-C556-429A-A20A-1DB5E3334249}.Release|x64.Build.0 = Release|Any CPU
		{F64BBBED-C556-429A-A20A-1DB5E3334249}.Release|x86.ActiveCfg = Release|Any CPU
		{F64BBBED-C556-429A-A20A-1DB5E3334249}.Release|x86.Build.0 = Release|Any CPU
		{E2AE21F1-2A39-48E5-85FC-FC18CBF93B04}.Debug|Any CPU.ActiveCfg = Debug|Any CPU
		{E2AE21F1-2A39-48E5-85FC-FC18CBF93B04}.Debug|Any CPU.Build.0 = Debug|Any CPU
		{E2AE21F1-2A39-48E5-85FC-FC18CBF93B04}.Debug|x64.ActiveCfg = Debug|Any CPU
		{E2AE21F1-2A39-48E5-85FC-FC18CBF93B04}.Debug|x64.Build.0 = Debug|Any CPU
		{E2AE21F1-2A39-48E5-85FC-FC18CBF93B04}.Debug|x86.ActiveCfg = Debug|Any CPU
		{E2AE21F1-2A39-48E5-85FC-FC18CBF93B04}.Debug|x86.Build.0 = Debug|Any CPU
		{E2AE21F1-2A39-48E5-85FC-FC18CBF93B04}.Release|Any CPU.ActiveCfg = Release|Any CPU
		{E2AE21F1-2A39-48E5-85FC-FC18CBF93B04}.Release|Any CPU.Build.0 = Release|Any CPU
		{E2AE21F1-2A39-48E5-85FC-FC18CBF93B04}.Release|x64.ActiveCfg = Release|Any CPU
		{E2AE21F1-2A39-48E5-85FC-FC18CBF93B04}.Release|x64.Build.0 = Release|Any CPU
		{E2AE21F1-2A39-48E5-85FC-FC18CBF93B04}.Release|x86.ActiveCfg = Release|Any CPU
		{E2AE21F1-2A39-48E5-85FC-FC18CBF93B04}.Release|x86.Build.0 = Release|Any CPU
	EndGlobalSection
	GlobalSection(SolutionProperties) = preSolution
		HideSolutionNode = FALSE
	EndGlobalSection
EndGlobal
